
Microsoft Visual Studio Solution File, Format Version 12.00
# Visual Studio Version 17
VisualStudioVersion = 17.9.34622.214
MinimumVisualStudioVersion = 10.0.40219.1
Project("{FAE04EC0-301F-11D3-BF4B-00C04F79EFBC}") = "ChallengeApp", "ChallengeApp\ChallengeApp.csproj", "{41308C02-9DC0-432F-B770-48913E7BCB1F}"
EndProject
Project("{FAE04EC0-301F-11D3-BF4B-00C04F79EFBC}") = "ChallengeApp.Tests", "ChallengeApp.Tests\ChallengeApp.Tests.csproj", "{22F41B65-E6C4-4AE6-89F2-60796BF9320E}"
EndProject
Global
	GlobalSection(SolutionConfigurationPlatforms) = preSolution
		Debug|Any CPU = Debug|Any CPU
		Release|Any CPU = Release|Any CPU
	EndGlobalSection
	GlobalSection(ProjectConfigurationPlatforms) = postSolution
		{41308C02-9DC0-432F-B770-48913E7BCB1F}.Debug|Any CPU.ActiveCfg = Debug|Any CPU
		{41308C02-9DC0-432F-B770-48913E7BCB1F}.Debug|Any CPU.Build.0 = Debug|Any CPU
		{41308C02-9DC0-432F-B770-48913E7BCB1F}.Release|Any CPU.ActiveCfg = Release|Any CPU
		{41308C02-9DC0-432F-B770-48913E7BCB1F}.Release|Any CPU.Build.0 = Release|Any CPU
		{22F41B65-E6C4-4AE6-89F2-60796BF9320E}.Debug|Any CPU.ActiveCfg = Debug|Any CPU
		{22F41B65-E6C4-4AE6-89F2-60796BF9320E}.Debug|Any CPU.Build.0 = Debug|Any CPU
		{22F41B65-E6C4-4AE6-89F2-60796BF9320E}.Release|Any CPU.ActiveCfg = Release|Any CPU
		{22F41B65-E6C4-4AE6-89F2-60796BF9320E}.Release|Any CPU.Build.0 = Release|Any CPU
	EndGlobalSection
	GlobalSection(SolutionProperties) = preSolution
		HideSolutionNode = FALSE
	EndGlobalSection
	GlobalSection(ExtensibilityGlobals) = postSolution
		SolutionGuid = {834753A6-BFB2-4A25-A411-54D87885ABBF}
	EndGlobalSection
EndGlobal
